
Microsoft Visual Studio Solution File, Format Version 12.00
# Visual Studio Version 17
VisualStudioVersion = 17.8.34511.84
MinimumVisualStudioVersion = 10.0.40219.1
Project("{FAE04EC0-301F-11D3-BF4B-00C04F79EFBC}") = "KarmaLympics", "KarmaLympics\KarmaLympics.csproj", "{046E559B-0614-4241-AF49-766F10273CCB}"
EndProject
Global
	GlobalSection(SolutionConfigurationPlatforms) = preSolution
		Debug|Any CPU = Debug|Any CPU
		Release|Any CPU = Release|Any CPU
	EndGlobalSection
	GlobalSection(ProjectConfigurationPlatforms) = postSolution
		{046E559B-0614-4241-AF49-766F10273CCB}.Debug|Any CPU.ActiveCfg = Debug|Any CPU
		{046E559B-0614-4241-AF49-766F10273CCB}.Debug|Any CPU.Build.0 = Debug|Any CPU
		{046E559B-0614-4241-AF49-766F10273CCB}.Release|Any CPU.ActiveCfg = Release|Any CPU
		{046E559B-0614-4241-AF49-766F10273CCB}.Release|Any CPU.Build.0 = Release|Any CPU
	EndGlobalSection
	GlobalSection(SolutionProperties) = preSolution
		HideSolutionNode = FALSE
	EndGlobalSection
	GlobalSection(ExtensibilityGlobals) = postSolution
		SolutionGuid = {82932120-9CF0-48E8-B7BA-C397C4B295D6}
	EndGlobalSection
EndGlobal
